// !$*UTF8*$!
{
	archiveVersion = 1;
	classes = {
	};
	objectVersion = 55;
	objects = {

/* Begin PBXBuildFile section */
		191CBAF728B010D800B37C74 /* WeatherAppApp.swift in Sources */ = {isa = PBXBuildFile; fileRef = 191CBAF628B010D800B37C74 /* WeatherAppApp.swift */; };
		191CBAF928B010D800B37C74 /* ContentView.swift in Sources */ = {isa = PBXBuildFile; fileRef = 191CBAF828B010D800B37C74 /* ContentView.swift */; };
		191CBAFB28B010DB00B37C74 /* Assets.xcassets in Resources */ = {isa = PBXBuildFile; fileRef = 191CBAFA28B010DB00B37C74 /* Assets.xcassets */; };
		191CBAFE28B010DB00B37C74 /* Preview Assets.xcassets in Resources */ = {isa = PBXBuildFile; fileRef = 191CBAFD28B010DB00B37C74 /* Preview Assets.xcassets */; };
		191CBB1C28B3D58A00B37C74 /* BunnyFlowersRegular.ttf in Resources */ = {isa = PBXBuildFile; fileRef = 191CBB1928B3D58A00B37C74 /* BunnyFlowersRegular.ttf */; };
		191CBB1D28B3D58A00B37C74 /* BunnyFlowersOutline.ttf in Resources */ = {isa = PBXBuildFile; fileRef = 191CBB1A28B3D58A00B37C74 /* BunnyFlowersOutline.ttf */; };
		191CBB1E28B3D58A00B37C74 /* BunnyFlowersShadow.ttf in Resources */ = {isa = PBXBuildFile; fileRef = 191CBB1B28B3D58A00B37C74 /* BunnyFlowersShadow.ttf */; };
		191CBB2228B3DA2600B37C74 /* Pacifico.ttf in Resources */ = {isa = PBXBuildFile; fileRef = 191CBB2128B3DA2600B37C74 /* Pacifico.ttf */; };
		191CBB2828B7F44000B37C74 /* WeatherModel.swift in Sources */ = {isa = PBXBuildFile; fileRef = 191CBB2728B7F44000B37C74 /* WeatherModel.swift */; };
		191CBB2A28B7F99000B37C74 /* WeatherAPIClient.swift in Sources */ = {isa = PBXBuildFile; fileRef = 191CBB2928B7F99000B37C74 /* WeatherAPIClient.swift */; };
/* End PBXBuildFile section */

/* Begin PBXFileReference section */
		191CBAF328B010D800B37C74 /* WeatherApp.app */ = {isa = PBXFileReference; explicitFileType = wrapper.application; includeInIndex = 0; path = WeatherApp.app; sourceTree = BUILT_PRODUCTS_DIR; };
		191CBAF628B010D800B37C74 /* WeatherAppApp.swift */ = {isa = PBXFileReference; lastKnownFileType = sourcecode.swift; path = WeatherAppApp.swift; sourceTree = "<group>"; };
		191CBAF828B010D800B37C74 /* ContentView.swift */ = {isa = PBXFileReference; lastKnownFileType = sourcecode.swift; path = ContentView.swift; sourceTree = "<group>"; };
		191CBAFA28B010DB00B37C74 /* Assets.xcassets */ = {isa = PBXFileReference; lastKnownFileType = folder.assetcatalog; path = Assets.xcassets; sourceTree = "<group>"; };
		191CBAFD28B010DB00B37C74 /* Preview Assets.xcassets */ = {isa = PBXFileReference; lastKnownFileType = folder.assetcatalog; path = "Preview Assets.xcassets"; sourceTree = "<group>"; };
		191CBAFF28B010DB00B37C74 /* WeatherApp.entitlements */ = {isa = PBXFileReference; lastKnownFileType = text.plist.entitlements; path = WeatherApp.entitlements; sourceTree = "<group>"; };
		191CBB1728B3D42600B37C74 /* Info.plist */ = {isa = PBXFileReference; lastKnownFileType = text.plist; path = Info.plist; sourceTree = "<group>"; };
		191CBB1928B3D58A00B37C74 /* BunnyFlowersRegular.ttf */ = {isa = PBXFileReference; lastKnownFileType = file; path = BunnyFlowersRegular.ttf; sourceTree = "<group>"; };
		191CBB1A28B3D58A00B37C74 /* BunnyFlowersOutline.ttf */ = {isa = PBXFileReference; lastKnownFileType = file; path = BunnyFlowersOutline.ttf; sourceTree = "<group>"; };
		191CBB1B28B3D58A00B37C74 /* BunnyFlowersShadow.ttf */ = {isa = PBXFileReference; lastKnownFileType = file; path = BunnyFlowersShadow.ttf; sourceTree = "<group>"; };
		191CBB1F28B3D7C500B37C74 /* Chicago.otf */ = {isa = PBXFileReference; lastKnownFileType = file; path = Chicago.otf; sourceTree = "<group>"; };
		191CBB2128B3DA2600B37C74 /* Pacifico.ttf */ = {isa = PBXFileReference; lastKnownFileType = file; path = Pacifico.ttf; sourceTree = "<group>"; };
		191CBB2328B7E94E00B37C74 /* README.md */ = {isa = PBXFileReference; lastKnownFileType = net.daringfireball.markdown; path = README.md; sourceTree = "<group>"; };
		191CBB2728B7F44000B37C74 /* WeatherModel.swift */ = {isa = PBXFileReference; lastKnownFileType = sourcecode.swift; path = WeatherModel.swift; sourceTree = "<group>"; };
		191CBB2928B7F99000B37C74 /* WeatherAPIClient.swift */ = {isa = PBXFileReference; lastKnownFileType = sourcecode.swift; path = WeatherAPIClient.swift; sourceTree = "<group>"; };
/* End PBXFileReference section */

/* Begin PBXFrameworksBuildPhase section */
		191CBAF028B010D800B37C74 /* Frameworks */ = {
			isa = PBXFrameworksBuildPhase;
			buildActionMask = 2147483647;
			files = (
			);
			runOnlyForDeploymentPostprocessing = 0;
		};
/* End PBXFrameworksBuildPhase section */

/* Begin PBXGroup section */
		191CBAEA28B010D800B37C74 = {
			isa = PBXGroup;
			children = (
				191CBB2328B7E94E00B37C74 /* README.md */,
				191CBAF528B010D800B37C74 /* WeatherApp */,
				191CBAF428B010D800B37C74 /* Products */,
			);
			sourceTree = "<group>";
		};
		191CBAF428B010D800B37C74 /* Products */ = {
			isa = PBXGroup;
			children = (
				191CBAF328B010D800B37C74 /* WeatherApp.app */,
			);
			name = Products;
			sourceTree = "<group>";
		};
		191CBAF528B010D800B37C74 /* WeatherApp */ = {
			isa = PBXGroup;
			children = (
				191CBB2628B7F40700B37C74 /* WeatherAPIClient */,
				191CBB1728B3D42600B37C74 /* Info.plist */,
				191CBAF628B010D800B37C74 /* WeatherAppApp.swift */,
				191CBAF828B010D800B37C74 /* ContentView.swift */,
				191CBAFA28B010DB00B37C74 /* Assets.xcassets */,
				191CBB1828B3D58A00B37C74 /* fonts */,
				191CBAFF28B010DB00B37C74 /* WeatherApp.entitlements */,
				191CBAFC28B010DB00B37C74 /* Preview Content */,
			);
			path = WeatherApp;
			sourceTree = "<group>";
		};
		191CBAFC28B010DB00B37C74 /* Preview Content */ = {
			isa = PBXGroup;
			children = (
				191CBAFD28B010DB00B37C74 /* Preview Assets.xcassets */,
			);
			path = "Preview Content";
			sourceTree = "<group>";
		};
		191CBB1828B3D58A00B37C74 /* fonts */ = {
			isa = PBXGroup;
			children = (
				191CBB1F28B3D7C500B37C74 /* Chicago.otf */,
				191CBB2128B3DA2600B37C74 /* Pacifico.ttf */,
				191CBB1928B3D58A00B37C74 /* BunnyFlowersRegular.ttf */,
				191CBB1A28B3D58A00B37C74 /* BunnyFlowersOutline.ttf */,
				191CBB1B28B3D58A00B37C74 /* BunnyFlowersShadow.ttf */,
			);
			path = fonts;
			sourceTree = SOURCE_ROOT;
		};
		191CBB2628B7F40700B37C74 /* WeatherAPIClient */ = {
			isa = PBXGroup;
			children = (
				191CBB2728B7F44000B37C74 /* WeatherModel.swift */,
				191CBB2928B7F99000B37C74 /* WeatherAPIClient.swift */,
			);
			path = WeatherAPIClient;
			sourceTree = "<group>";
		};
/* End PBXGroup section */

/* Begin PBXNativeTarget section */
		191CBAF228B010D800B37C74 /* WeatherApp */ = {
			isa = PBXNativeTarget;
			buildConfigurationList = 191CBB0228B010DB00B37C74 /* Build configuration list for PBXNativeTarget "WeatherApp" */;
			buildPhases = (
				191CBAEF28B010D800B37C74 /* Sources */,
				191CBAF028B010D800B37C74 /* Frameworks */,
				191CBAF128B010D800B37C74 /* Resources */,
			);
			buildRules = (
			);
			dependencies = (
			);
			name = WeatherApp;
			productName = WeatherApp;
			productReference = 191CBAF328B010D800B37C74 /* WeatherApp.app */;
			productType = "com.apple.product-type.application";
		};
/* End PBXNativeTarget section */

/* Begin PBXProject section */
		191CBAEB28B010D800B37C74 /* Project object */ = {
			isa = PBXProject;
			attributes = {
				BuildIndependentTargetsInParallel = 1;
				LastSwiftUpdateCheck = 1340;
				LastUpgradeCheck = 1340;
				TargetAttributes = {
					191CBAF228B010D800B37C74 = {
						CreatedOnToolsVersion = 13.4.1;
					};
				};
			};
			buildConfigurationList = 191CBAEE28B010D800B37C74 /* Build configuration list for PBXProject "WeatherApp" */;
			compatibilityVersion = "Xcode 13.0";
			developmentRegion = en;
			hasScannedForEncodings = 0;
			knownRegions = (
				en,
				Base,
			);
			mainGroup = 191CBAEA28B010D800B37C74;
			productRefGroup = 191CBAF428B010D800B37C74 /* Products */;
			projectDirPath = "";
			projectRoot = "";
			targets = (
				191CBAF228B010D800B37C74 /* WeatherApp */,
			);
		};
/* End PBXProject section */

/* Begin PBXResourcesBuildPhase section */
		191CBAF128B010D800B37C74 /* Resources */ = {
			isa = PBXResourcesBuildPhase;
			buildActionMask = 2147483647;
			files = (
				191CBB1C28B3D58A00B37C74 /* BunnyFlowersRegular.ttf in Resources */,
				191CBB1E28B3D58A00B37C74 /* BunnyFlowersShadow.ttf in Resources */,
				191CBB2228B3DA2600B37C74 /* Pacifico.ttf in Resources */,
				191CBB1D28B3D58A00B37C74 /* BunnyFlowersOutline.ttf in Resources */,
				191CBAFE28B010DB00B37C74 /* Preview Assets.xcassets in Resources */,
				191CBAFB28B010DB00B37C74 /* Assets.xcassets in Resources */,
			);
			runOnlyForDeploymentPostprocessing = 0;
		};
/* End PBXResourcesBuildPhase section */

/* Begin PBXSourcesBuildPhase section */
		191CBAEF28B010D800B37C74 /* Sources */ = {
			isa = PBXSourcesBuildPhase;
			buildActionMask = 2147483647;
			files = (
				191CBB2A28B7F99000B37C74 /* WeatherAPIClient.swift in Sources */,
				191CBAF928B010D800B37C74 /* ContentView.swift in Sources */,
				191CBAF728B010D800B37C74 /* WeatherAppApp.swift in Sources */,
				191CBB2828B7F44000B37C74 /* WeatherModel.swift in Sources */,
			);
			runOnlyForDeploymentPostprocessing = 0;
		};
/* End PBXSourcesBuildPhase section */

/* Begin XCBuildConfiguration section */
		191CBB0028B010DB00B37C74 /* Debug */ = {
			isa = XCBuildConfiguration;
			buildSettings = {
				ALWAYS_SEARCH_USER_PATHS = NO;
				CLANG_ANALYZER_NONNULL = YES;
				CLANG_ANALYZER_NUMBER_OBJECT_CONVERSION = YES_AGGRESSIVE;
				CLANG_CXX_LANGUAGE_STANDARD = "gnu++17";
				CLANG_ENABLE_MODULES = YES;
				CLANG_ENABLE_OBJC_ARC = YES;
				CLANG_ENABLE_OBJC_WEAK = YES;
				CLANG_WARN_BLOCK_CAPTURE_AUTORELEASING = YES;
				CLANG_WARN_BOOL_CONVERSION = YES;
				CLANG_WARN_COMMA = YES;
				CLANG_WARN_CONSTANT_CONVERSION = YES;
				CLANG_WARN_DEPRECATED_OBJC_IMPLEMENTATIONS = YES;
				CLANG_WARN_DIRECT_OBJC_ISA_USAGE = YES_ERROR;
				CLANG_WARN_DOCUMENTATION_COMMENTS = YES;
				CLANG_WARN_EMPTY_BODY = YES;
				CLANG_WARN_ENUM_CONVERSION = YES;
				CLANG_WARN_INFINITE_RECURSION = YES;
				CLANG_WARN_INT_CONVERSION = YES;
				CLANG_WARN_NON_LITERAL_NULL_CONVERSION = YES;
				CLANG_WARN_OBJC_IMPLICIT_RETAIN_SELF = YES;
				CLANG_WARN_OBJC_LITERAL_CONVERSION = YES;
				CLANG_WARN_OBJC_ROOT_CLASS = YES_ERROR;
				CLANG_WARN_QUOTED_INCLUDE_IN_FRAMEWORK_HEADER = YES;
				CLANG_WARN_RANGE_LOOP_ANALYSIS = YES;
				CLANG_WARN_STRICT_PROTOTYPES = YES;
				CLANG_WARN_SUSPICIOUS_MOVE = YES;
				CLANG_WARN_UNGUARDED_AVAILABILITY = YES_AGGRESSIVE;
				CLANG_WARN_UNREACHABLE_CODE = YES;
				CLANG_WARN__DUPLICATE_METHOD_MATCH = YES;
				COPY_PHASE_STRIP = NO;
				DEBUG_INFORMATION_FORMAT = dwarf;
				ENABLE_STRICT_OBJC_MSGSEND = YES;
				ENABLE_TESTABILITY = YES;
				GCC_C_LANGUAGE_STANDARD = gnu11;
				GCC_DYNAMIC_NO_PIC = NO;
				GCC_NO_COMMON_BLOCKS = YES;
				GCC_OPTIMIZATION_LEVEL = 0;
				GCC_PREPROCESSOR_DEFINITIONS = (
					"DEBUG=1",
					"$(inherited)",
				);
				GCC_WARN_64_TO_32_BIT_CONVERSION = YES;
				GCC_WARN_ABOUT_RETURN_TYPE = YES_ERROR;
				GCC_WARN_UNDECLARED_SELECTOR = YES;
				GCC_WARN_UNINITIALIZED_AUTOS = YES_AGGRESSIVE;
				GCC_WARN_UNUSED_FUNCTION = YES;
				GCC_WARN_UNUSED_VARIABLE = YES;
				MACOSX_DEPLOYMENT_TARGET = 12.3;
				MTL_ENABLE_DEBUG_INFO = INCLUDE_SOURCE;
				MTL_FAST_MATH = YES;
				ONLY_ACTIVE_ARCH = YES;
				SDKROOT = iphoneos;
				SWIFT_ACTIVE_COMPILATION_CONDITIONS = DEBUG;
				SWIFT_OPTIMIZATION_LEVEL = "-Onone";
			};
			name = Debug;
		};
		191CBB0128B010DB00B37C74 /* Release */ = {
			isa = XCBuildConfiguration;
			buildSettings = {
				ALWAYS_SEARCH_USER_PATHS = NO;
				CLANG_ANALYZER_NONNULL = YES;
				CLANG_ANALYZER_NUMBER_OBJECT_CONVERSION = YES_AGGRESSIVE;
				CLANG_CXX_LANGUAGE_STANDARD = "gnu++17";
				CLANG_ENABLE_MODULES = YES;
				CLANG_ENABLE_OBJC_ARC = YES;
				CLANG_ENABLE_OBJC_WEAK = YES;
				CLANG_WARN_BLOCK_CAPTURE_AUTORELEASING = YES;
				CLANG_WARN_BOOL_CONVERSION = YES;
				CLANG_WARN_COMMA = YES;
				CLANG_WARN_CONSTANT_CONVERSION = YES;
				CLANG_WARN_DEPRECATED_OBJC_IMPLEMENTATIONS = YES;
				CLANG_WARN_DIRECT_OBJC_ISA_USAGE = YES_ERROR;
				CLANG_WARN_DOCUMENTATION_COMMENTS = YES;
				CLANG_WARN_EMPTY_BODY = YES;
				CLANG_WARN_ENUM_CONVERSION = YES;
				CLANG_WARN_INFINITE_RECURSION = YES;
				CLANG_WARN_INT_CONVERSION = YES;
				CLANG_WARN_NON_LITERAL_NULL_CONVERSION = YES;
				CLANG_WARN_OBJC_IMPLICIT_RETAIN_SELF = YES;
				CLANG_WARN_OBJC_LITERAL_CONVERSION = YES;
				CLANG_WARN_OBJC_ROOT_CLASS = YES_ERROR;
				CLANG_WARN_QUOTED_INCLUDE_IN_FRAMEWORK_HEADER = YES;
				CLANG_WARN_RANGE_LOOP_ANALYSIS = YES;
				CLANG_WARN_STRICT_PROTOTYPES = YES;
				CLANG_WARN_SUSPICIOUS_MOVE = YES;
				CLANG_WARN_UNGUARDED_AVAILABILITY = YES_AGGRESSIVE;
				CLANG_WARN_UNREACHABLE_CODE = YES;
				CLANG_WARN__DUPLICATE_METHOD_MATCH = YES;
				COPY_PHASE_STRIP = NO;
				DEBUG_INFORMATION_FORMAT = "dwarf-with-dsym";
				ENABLE_NS_ASSERTIONS = NO;
				ENABLE_STRICT_OBJC_MSGSEND = YES;
				GCC_C_LANGUAGE_STANDARD = gnu11;
				GCC_NO_COMMON_BLOCKS = YES;
				GCC_WARN_64_TO_32_BIT_CONVERSION = YES;
				GCC_WARN_ABOUT_RETURN_TYPE = YES_ERROR;
				GCC_WARN_UNDECLARED_SELECTOR = YES;
				GCC_WARN_UNINITIALIZED_AUTOS = YES_AGGRESSIVE;
				GCC_WARN_UNUSED_FUNCTION = YES;
				GCC_WARN_UNUSED_VARIABLE = YES;
				MACOSX_DEPLOYMENT_TARGET = 12.3;
				MTL_ENABLE_DEBUG_INFO = NO;
				MTL_FAST_MATH = YES;
				SDKROOT = iphoneos;
				SWIFT_COMPILATION_MODE = wholemodule;
				SWIFT_OPTIMIZATION_LEVEL = "-O";
			};
			name = Release;
		};
		191CBB0328B010DB00B37C74 /* Debug */ = {
			isa = XCBuildConfiguration;
			buildSettings = {
				ASSETCATALOG_COMPILER_APPICON_NAME = AppIcon;
				ASSETCATALOG_COMPILER_GLOBAL_ACCENT_COLOR_NAME = AccentColor;
				CODE_SIGN_ENTITLEMENTS = WeatherApp/WeatherApp.entitlements;
				CODE_SIGN_STYLE = Automatic;
				COMBINE_HIDPI_IMAGES = YES;
				CURRENT_PROJECT_VERSION = 1;
				DEVELOPMENT_ASSET_PATHS = "\"WeatherApp/Preview Content\"";
				DEVELOPMENT_TEAM = 2L9HLNXWXG;
				ENABLE_HARDENED_RUNTIME = YES;
				ENABLE_PREVIEWS = YES;
				GENERATE_INFOPLIST_FILE = YES;
				INFOPLIST_FILE = WeatherApp/Info.plist;
				INFOPLIST_KEY_NSHumanReadableCopyright = "";
				INFOPLIST_KEY_NSLocationWhenInUseUsageDescription = "Location required in order to query relative weather info";
				LD_RUNPATH_SEARCH_PATHS = (
					"$(inherited)",
					"@executable_path/../Frameworks",
				);
				MARKETING_VERSION = 1.0;
				PRODUCT_BUNDLE_IDENTIFIER = com.madisonthantu.WeatherApp;
				PRODUCT_NAME = "$(TARGET_NAME)";
				SWIFT_EMIT_LOC_STRINGS = YES;
				SWIFT_VERSION = 5.0;
			};
			name = Debug;
		};
		191CBB0428B010DB00B37C74 /* Release */ = {
			isa = XCBuildConfiguration;
			buildSettings = {
				ASSETCATALOG_COMPILER_APPICON_NAME = AppIcon;
				ASSETCATALOG_COMPILER_GLOBAL_ACCENT_COLOR_NAME = AccentColor;
				CODE_SIGN_ENTITLEMENTS = WeatherApp/WeatherApp.entitlements;
				CODE_SIGN_STYLE = Automatic;
				COMBINE_HIDPI_IMAGES = YES;
				CURRENT_PROJECT_VERSION = 1;
				DEVELOPMENT_ASSET_PATHS = "\"WeatherApp/Preview Content\"";
				DEVELOPMENT_TEAM = 2L9HLNXWXG;
				ENABLE_HARDENED_RUNTIME = YES;
				ENABLE_PREVIEWS = YES;
				GENERATE_INFOPLIST_FILE = YES;
				INFOPLIST_FILE = WeatherApp/Info.plist;
				INFOPLIST_KEY_NSHumanReadableCopyright = "";
				INFOPLIST_KEY_NSLocationWhenInUseUsageDescription = "Location required in order to query relative weather info";
				LD_RUNPATH_SEARCH_PATHS = (
					"$(inherited)",
					"@executable_path/../Frameworks",
				);
				MARKETING_VERSION = 1.0;
				PRODUCT_BUNDLE_IDENTIFIER = com.madisonthantu.WeatherApp;
				PRODUCT_NAME = "$(TARGET_NAME)";
				SWIFT_EMIT_LOC_STRINGS = YES;
				SWIFT_VERSION = 5.0;
			};
			name = Release;
		};
/* End XCBuildConfiguration section */

/* Begin XCConfigurationList section */
		191CBAEE28B010D800B37C74 /* Build configuration list for PBXProject "WeatherApp" */ = {
			isa = XCConfigurationList;
			buildConfigurations = (
				191CBB0028B010DB00B37C74 /* Debug */,
				191CBB0128B010DB00B37C74 /* Release */,
			);
			defaultConfigurationIsVisible = 0;
			defaultConfigurationName = Release;
		};
		191CBB0228B010DB00B37C74 /* Build configuration list for PBXNativeTarget "WeatherApp" */ = {
			isa = XCConfigurationList;
			buildConfigurations = (
				191CBB0328B010DB00B37C74 /* Debug */,
				191CBB0428B010DB00B37C74 /* Release */,
			);
			defaultConfigurationIsVisible = 0;
			defaultConfigurationName = Release;
		};
/* End XCConfigurationList section */
	};
	rootObject = 191CBAEB28B010D800B37C74 /* Project object */;
}
